
Microsoft Visual Studio Solution File, Format Version 12.00
# Visual Studio 15
VisualStudioVersion = 15.0.28307.902
MinimumVisualStudioVersion = 10.0.40219.1
Project("{FAE04EC0-301F-11D3-BF4B-00C04F79EFBC}") = "dotnet_5780_03_3958_6619", "dotnet_5780_03_3958_6619\dotnet_5780_03_3958_6619.csproj", "{0E6F8274-3E7D-4583-8AF0-A9C848B27F4A}"
EndProject
Global
	GlobalSection(SolutionConfigurationPlatforms) = preSolution
		Debug|Any CPU = Debug|Any CPU
		Release|Any CPU = Release|Any CPU
	EndGlobalSection
	GlobalSection(ProjectConfigurationPlatforms) = postSolution
		{0E6F8274-3E7D-4583-8AF0-A9C848B27F4A}.Debug|Any CPU.ActiveCfg = Debug|Any CPU
		{0E6F8274-3E7D-4583-8AF0-A9C848B27F4A}.Debug|Any CPU.Build.0 = Debug|Any CPU
		{0E6F8274-3E7D-4583-8AF0-A9C848B27F4A}.Release|Any CPU.ActiveCfg = Release|Any CPU
		{0E6F8274-3E7D-4583-8AF0-A9C848B27F4A}.Release|Any CPU.Build.0 = Release|Any CPU
	EndGlobalSection
	GlobalSection(SolutionProperties) = preSolution
		HideSolutionNode = FALSE
	EndGlobalSection
	GlobalSection(ExtensibilityGlobals) = postSolution
		SolutionGuid = {E3DE58CE-C7BF-4E05-AD78-FE15D3E85A29}
	EndGlobalSection
EndGlobal
